
Microsoft Visual Studio Solution File, Format Version 12.00
# Visual Studio Version 17
VisualStudioVersion = 17.13.35806.99 d17.13
MinimumVisualStudioVersion = 10.0.40219.1
Project("{FAE04EC0-301F-11D3-BF4B-00C04F79EFBC}") = "dotnet-little-toolkit", "dotnet-little-toolkit\dotnet-little-toolkit.csproj", "{8CAF4FDF-FC40-4BCB-82B4-CEC78FB4053F}"
EndProject
Project("{FAE04EC0-301F-11D3-BF4B-00C04F79EFBC}") = "zUnitTest", "UnitTest\zUnitTest.csproj", "{5E64B416-302B-4EEF-BD3D-C6C04965EF96}"
EndProject
Global
	GlobalSection(SolutionConfigurationPlatforms) = preSolution
		Debug|Any CPU = Debug|Any CPU
		Release|Any CPU = Release|Any CPU
	EndGlobalSection
	GlobalSection(ProjectConfigurationPlatforms) = postSolution
		{8CAF4FDF-FC40-4BCB-82B4-CEC78FB4053F}.Debug|Any CPU.ActiveCfg = Debug|Any CPU
		{8CAF4FDF-FC40-4BCB-82B4-CEC78FB4053F}.Debug|Any CPU.Build.0 = Debug|Any CPU
		{8CAF4FDF-FC40-4BCB-82B4-CEC78FB4053F}.Release|Any CPU.ActiveCfg = Release|Any CPU
		{8CAF4FDF-FC40-4BCB-82B4-CEC78FB4053F}.Release|Any CPU.Build.0 = Release|Any CPU
		{5E64B416-302B-4EEF-BD3D-C6C04965EF96}.Debug|Any CPU.ActiveCfg = Debug|Any CPU
		{5E64B416-302B-4EEF-BD3D-C6C04965EF96}.Debug|Any CPU.Build.0 = Debug|Any CPU
		{5E64B416-302B-4EEF-BD3D-C6C04965EF96}.Release|Any CPU.ActiveCfg = Release|Any CPU
		{5E64B416-302B-4EEF-BD3D-C6C04965EF96}.Release|Any CPU.Build.0 = Release|Any CPU
	EndGlobalSection
	GlobalSection(SolutionProperties) = preSolution
		HideSolutionNode = FALSE
	EndGlobalSection
	GlobalSection(ExtensibilityGlobals) = postSolution
		SolutionGuid = {658CFE8E-1E46-45D4-9F51-168EBFAF237C}
	EndGlobalSection
EndGlobal
